
Microsoft Visual Studio Solution File, Format Version 12.00
# Visual Studio 15
VisualStudioVersion = 15.0.28010.2048
MinimumVisualStudioVersion = 10.0.40219.1
Project("{FAE04EC0-301F-11D3-BF4B-00C04F79EFBC}") = "Exercise15", "Exercise15\Exercise15.csproj", "{1D32C74D-162D-4BA2-AF8D-193E2F5C243B}"
EndProject
Global
	GlobalSection(SolutionConfigurationPlatforms) = preSolution
		Debug|Any CPU = Debug|Any CPU
		Release|Any CPU = Release|Any CPU
	EndGlobalSection
	GlobalSection(ProjectConfigurationPlatforms) = postSolution
		{1D32C74D-162D-4BA2-AF8D-193E2F5C243B}.Debug|Any CPU.ActiveCfg = Debug|Any CPU
		{1D32C74D-162D-4BA2-AF8D-193E2F5C243B}.Debug|Any CPU.Build.0 = Debug|Any CPU
		{1D32C74D-162D-4BA2-AF8D-193E2F5C243B}.Release|Any CPU.ActiveCfg = Release|Any CPU
		{1D32C74D-162D-4BA2-AF8D-193E2F5C243B}.Release|Any CPU.Build.0 = Release|Any CPU
	EndGlobalSection
	GlobalSection(SolutionProperties) = preSolution
		HideSolutionNode = FALSE
	EndGlobalSection
	GlobalSection(ExtensibilityGlobals) = postSolution
		SolutionGuid = {740323B1-B926-452F-9124-6A6DF237F0E7}
	EndGlobalSection
EndGlobal
