
Microsoft Visual Studio Solution File, Format Version 12.00
# Visual Studio 15
VisualStudioVersion = 15.0.28010.2048
MinimumVisualStudioVersion = 10.0.40219.1
Project("{FAE04EC0-301F-11D3-BF4B-00C04F79EFBC}") = "Excercise16", "Excercise16\Excercise16.csproj", "{DCE6994B-FA38-438B-B996-BAF229AD9567}"
EndProject
Global
	GlobalSection(SolutionConfigurationPlatforms) = preSolution
		Debug|Any CPU = Debug|Any CPU
		Release|Any CPU = Release|Any CPU
	EndGlobalSection
	GlobalSection(ProjectConfigurationPlatforms) = postSolution
		{DCE6994B-FA38-438B-B996-BAF229AD9567}.Debug|Any CPU.ActiveCfg = Debug|Any CPU
		{DCE6994B-FA38-438B-B996-BAF229AD9567}.Debug|Any CPU.Build.0 = Debug|Any CPU
		{DCE6994B-FA38-438B-B996-BAF229AD9567}.Release|Any CPU.ActiveCfg = Release|Any CPU
		{DCE6994B-FA38-438B-B996-BAF229AD9567}.Release|Any CPU.Build.0 = Release|Any CPU
	EndGlobalSection
	GlobalSection(SolutionProperties) = preSolution
		HideSolutionNode = FALSE
	EndGlobalSection
	GlobalSection(ExtensibilityGlobals) = postSolution
		SolutionGuid = {68B3FD3A-8776-496B-96F7-290E0CD81634}
	EndGlobalSection
EndGlobal
